// !$*UTF8*$!
{
	archiveVersion = 1;
	classes = {
	};
	objectVersion = 50;
	objects = {

/* Begin PBXBuildFile section */
		31485369221CA12D00BD83E6 /* AppDelegate.swift in Sources */ = {isa = PBXBuildFile; fileRef = 31485368221CA12D00BD83E6 /* AppDelegate.swift */; };
		3148536B221CA12D00BD83E6 /* ViewController.swift in Sources */ = {isa = PBXBuildFile; fileRef = 3148536A221CA12D00BD83E6 /* ViewController.swift */; };
		3148536E221CA12D00BD83E6 /* Main.storyboard in Resources */ = {isa = PBXBuildFile; fileRef = 3148536C221CA12D00BD83E6 /* Main.storyboard */; };
		31485370221CA12D00BD83E6 /* Assets.xcassets in Resources */ = {isa = PBXBuildFile; fileRef = 3148536F221CA12D00BD83E6 /* Assets.xcassets */; };
		31485373221CA12D00BD83E6 /* LaunchScreen.storyboard in Resources */ = {isa = PBXBuildFile; fileRef = 31485371221CA12D00BD83E6 /* LaunchScreen.storyboard */; };
		31F816CA221DD48A00CA0E8F /* MapKit.framework in Frameworks */ = {isa = PBXBuildFile; fileRef = 31F816C9221DD48A00CA0E8F /* MapKit.framework */; };
/* End PBXBuildFile section */

/* Begin PBXFileReference section */
		31485365221CA12D00BD83E6 /* Turn-by-Turn Navigation.app */ = {isa = PBXFileReference; explicitFileType = wrapper.application; includeInIndex = 0; path = "Turn-by-Turn Navigation.app"; sourceTree = BUILT_PRODUCTS_DIR; };
		31485368221CA12D00BD83E6 /* AppDelegate.swift */ = {isa = PBXFileReference; lastKnownFileType = sourcecode.swift; path = AppDelegate.swift; sourceTree = "<group>"; };
		3148536A221CA12D00BD83E6 /* ViewController.swift */ = {isa = PBXFileReference; lastKnownFileType = sourcecode.swift; path = ViewController.swift; sourceTree = "<group>"; };
		3148536D221CA12D00BD83E6 /* Base */ = {isa = PBXFileReference; lastKnownFileType = file.storyboard; name = Base; path = Base.lproj/Main.storyboard; sourceTree = "<group>"; };
		3148536F221CA12D00BD83E6 /* Assets.xcassets */ = {isa = PBXFileReference; lastKnownFileType = folder.assetcatalog; path = Assets.xcassets; sourceTree = "<group>"; };
		31485372221CA12D00BD83E6 /* Base */ = {isa = PBXFileReference; lastKnownFileType = file.storyboard; name = Base; path = Base.lproj/LaunchScreen.storyboard; sourceTree = "<group>"; };
		31485374221CA12D00BD83E6 /* Info.plist */ = {isa = PBXFileReference; lastKnownFileType = text.plist.xml; path = Info.plist; sourceTree = "<group>"; };
		31F816C9221DD48A00CA0E8F /* MapKit.framework */ = {isa = PBXFileReference; lastKnownFileType = wrapper.framework; name = MapKit.framework; path = System/Library/Frameworks/MapKit.framework; sourceTree = SDKROOT; };
/* End PBXFileReference section */

/* Begin PBXFrameworksBuildPhase section */
		31485362221CA12D00BD83E6 /* Frameworks */ = {
			isa = PBXFrameworksBuildPhase;
			buildActionMask = 2147483647;
			files = (
				31F816CA221DD48A00CA0E8F /* MapKit.framework in Frameworks */,
			);
			runOnlyForDeploymentPostprocessing = 0;
		};
/* End PBXFrameworksBuildPhase section */

/* Begin PBXGroup section */
		3148535C221CA12D00BD83E6 = {
			isa = PBXGroup;
			children = (
				31485367221CA12D00BD83E6 /* Turn-by-Turn Navigation */,
				31485366221CA12D00BD83E6 /* Products */,
				31F816C8221DD48A00CA0E8F /* Frameworks */,
			);
			sourceTree = "<group>";
		};
		31485366221CA12D00BD83E6 /* Products */ = {
			isa = PBXGroup;
			children = (
				31485365221CA12D00BD83E6 /* Turn-by-Turn Navigation.app */,
			);
			name = Products;
			sourceTree = "<group>";
		};
		31485367221CA12D00BD83E6 /* Turn-by-Turn Navigation */ = {
			isa = PBXGroup;
			children = (
				31485368221CA12D00BD83E6 /* AppDelegate.swift */,
				3148536A221CA12D00BD83E6 /* ViewController.swift */,
				3148536C221CA12D00BD83E6 /* Main.storyboard */,
				3148536F221CA12D00BD83E6 /* Assets.xcassets */,
				31485371221CA12D00BD83E6 /* LaunchScreen.storyboard */,
				31485374221CA12D00BD83E6 /* Info.plist */,
			);
			path = "Turn-by-Turn Navigation";
			sourceTree = "<group>";
		};
		31F816C8221DD48A00CA0E8F /* Frameworks */ = {
			isa = PBXGroup;
			children = (
				31F816C9221DD48A00CA0E8F /* MapKit.framework */,
			);
			name = Frameworks;
			sourceTree = "<group>";
		};
/* End PBXGroup section */

/* Begin PBXNativeTarget section */
		31485364221CA12D00BD83E6 /* Turn-by-Turn Navigation */ = {
			isa = PBXNativeTarget;
			buildConfigurationList = 31485377221CA12D00BD83E6 /* Build configuration list for PBXNativeTarget "Turn-by-Turn Navigation" */;
			buildPhases = (
				31485361221CA12D00BD83E6 /* Sources */,
				31485362221CA12D00BD83E6 /* Frameworks */,
				31485363221CA12D00BD83E6 /* Resources */,
			);
			buildRules = (
			);
			dependencies = (
			);
			name = "Turn-by-Turn Navigation";
			productName = "Turn-by-Turn Navigation";
			productReference = 31485365221CA12D00BD83E6 /* Turn-by-Turn Navigation.app */;
			productType = "com.apple.product-type.application";
		};
/* End PBXNativeTarget section */

/* Begin PBXProject section */
		3148535D221CA12D00BD83E6 /* Project object */ = {
			isa = PBXProject;
			attributes = {
				LastSwiftUpdateCheck = 1010;
				LastUpgradeCheck = 1010;
				ORGANIZATIONNAME = "Anuj Dutt";
				TargetAttributes = {
					31485364221CA12D00BD83E6 = {
						CreatedOnToolsVersion = 10.1;
						SystemCapabilities = {
							com.apple.BackgroundModes = {
								enabled = 1;
							};
							com.apple.Maps.iOS = {
								enabled = 1;
							};
						};
					};
				};
			};
			buildConfigurationList = 31485360221CA12D00BD83E6 /* Build configuration list for PBXProject "Turn-by-Turn Navigation" */;
			compatibilityVersion = "Xcode 9.3";
			developmentRegion = en;
			hasScannedForEncodings = 0;
			knownRegions = (
				en,
				Base,
			);
			mainGroup = 3148535C221CA12D00BD83E6;
			productRefGroup = 31485366221CA12D00BD83E6 /* Products */;
			projectDirPath = "";
			projectRoot = "";
			targets = (
				31485364221CA12D00BD83E6 /* Turn-by-Turn Navigation */,
			);
		};
/* End PBXProject section */

/* Begin PBXResourcesBuildPhase section */
		31485363221CA12D00BD83E6 /* Resources */ = {
			isa = PBXResourcesBuildPhase;
			buildActionMask = 2147483647;
			files = (
				31485373221CA12D00BD83E6 /* LaunchScreen.storyboard in Resources */,
				31485370221CA12D00BD83E6 /* Assets.xcassets in Resources */,
				3148536E221CA12D00BD83E6 /* Main.storyboard in Resources */,
			);
			runOnlyForDeploymentPostprocessing = 0;
		};
/* End PBXResourcesBuildPhase section */

/* Begin PBXSourcesBuildPhase section */
		31485361221CA12D00BD83E6 /* Sources */ = {
			isa = PBXSourcesBuildPhase;
			buildActionMask = 2147483647;
			files = (
				3148536B221CA12D00BD83E6 /* ViewController.swift in Sources */,
				31485369221CA12D00BD83E6 /* AppDelegate.swift in Sources */,
			);
			runOnlyForDeploymentPostprocessing = 0;
		};
/* End PBXSourcesBuildPhase section */

/* Begin PBXVariantGroup section */
		3148536C221CA12D00BD83E6 /* Main.storyboard */ = {
			isa = PBXVariantGroup;
			children = (
				3148536D221CA12D00BD83E6 /* Base */,
			);
			name = Main.storyboard;
			sourceTree = "<group>";
		};
		31485371221CA12D00BD83E6 /* LaunchScreen.storyboard */ = {
			isa = PBXVariantGroup;
			children = (
				31485372221CA12D00BD83E6 /* Base */,
			);
			name = LaunchScreen.storyboard;
			sourceTree = "<group>";
		};
/* End PBXVariantGroup section */

/* Begin XCBuildConfiguration section */
		31485375221CA12D00BD83E6 /* Debug */ = {
			isa = XCBuildConfiguration;
			buildSettings = {
				ALWAYS_SEARCH_USER_PATHS = NO;
				CLANG_ANALYZER_NONNULL = YES;
				CLANG_ANALYZER_NUMBER_OBJECT_CONVERSION = YES_AGGRESSIVE;
				CLANG_CXX_LANGUAGE_STANDARD = "gnu++14";
				CLANG_CXX_LIBRARY = "libc++";
				CLANG_ENABLE_MODULES = YES;
				CLANG_ENABLE_OBJC_ARC = YES;
				CLANG_ENABLE_OBJC_WEAK = YES;
				CLANG_WARN_BLOCK_CAPTURE_AUTORELEASING = YES;
				CLANG_WARN_BOOL_CONVERSION = YES;
				CLANG_WARN_COMMA = YES;
				CLANG_WARN_CONSTANT_CONVERSION = YES;
				CLANG_WARN_DEPRECATED_OBJC_IMPLEMENTATIONS = YES;
				CLANG_WARN_DIRECT_OBJC_ISA_USAGE = YES_ERROR;
				CLANG_WARN_DOCUMENTATION_COMMENTS = YES;
				CLANG_WARN_EMPTY_BODY = YES;
				CLANG_WARN_ENUM_CONVERSION = YES;
				CLANG_WARN_INFINITE_RECURSION = YES;
				CLANG_WARN_INT_CONVERSION = YES;
				CLANG_WARN_NON_LITERAL_NULL_CONVERSION = YES;
				CLANG_WARN_OBJC_IMPLICIT_RETAIN_SELF = YES;
				CLANG_WARN_OBJC_LITERAL_CONVERSION = YES;
				CLANG_WARN_OBJC_ROOT_CLASS = YES_ERROR;
				CLANG_WARN_RANGE_LOOP_ANALYSIS = YES;
				CLANG_WARN_STRICT_PROTOTYPES = YES;
				CLANG_WARN_SUSPICIOUS_MOVE = YES;
				CLANG_WARN_UNGUARDED_AVAILABILITY = YES_AGGRESSIVE;
				CLANG_WARN_UNREACHABLE_CODE = YES;
				CLANG_WARN__DUPLICATE_METHOD_MATCH = YES;
				CODE_SIGN_IDENTITY = "iPhone Developer";
				COPY_PHASE_STRIP = NO;
				DEBUG_INFORMATION_FORMAT = dwarf;
				ENABLE_STRICT_OBJC_MSGSEND = YES;
				ENABLE_TESTABILITY = YES;
				GCC_C_LANGUAGE_STANDARD = gnu11;
				GCC_DYNAMIC_NO_PIC = NO;
				GCC_NO_COMMON_BLOCKS = YES;
				GCC_OPTIMIZATION_LEVEL = 0;
				GCC_PREPROCESSOR_DEFINITIONS = (
					"DEBUG=1",
					"$(inherited)",
				);
				GCC_WARN_64_TO_32_BIT_CONVERSION = YES;
				GCC_WARN_ABOUT_RETURN_TYPE = YES_ERROR;
				GCC_WARN_UNDECLARED_SELECTOR = YES;
				GCC_WARN_UNINITIALIZED_AUTOS = YES_AGGRESSIVE;
				GCC_WARN_UNUSED_FUNCTION = YES;
				GCC_WARN_UNUSED_VARIABLE = YES;
				IPHONEOS_DEPLOYMENT_TARGET = 12.1;
				MTL_ENABLE_DEBUG_INFO = INCLUDE_SOURCE;
				MTL_FAST_MATH = YES;
				ONLY_ACTIVE_ARCH = YES;
				SDKROOT = iphoneos;
				SWIFT_ACTIVE_COMPILATION_CONDITIONS = DEBUG;
				SWIFT_OPTIMIZATION_LEVEL = "-Onone";
			};
			name = Debug;
		};
		31485376221CA12D00BD83E6 /* Release */ = {
			isa = XCBuildConfiguration;
			buildSettings = {
				ALWAYS_SEARCH_USER_PATHS = NO;
				CLANG_ANALYZER_NONNULL = YES;
				CLANG_ANALYZER_NUMBER_OBJECT_CONVERSION = YES_AGGRESSIVE;
				CLANG_CXX_LANGUAGE_STANDARD = "gnu++14";
				CLANG_CXX_LIBRARY = "libc++";
				CLANG_ENABLE_MODULES = YES;
				CLANG_ENABLE_OBJC_ARC = YES;
				CLANG_ENABLE_OBJC_WEAK = YES;
				CLANG_WARN_BLOCK_CAPTURE_AUTORELEASING = YES;
				CLANG_WARN_BOOL_CONVERSION = YES;
				CLANG_WARN_COMMA = YES;
				CLANG_WARN_CONSTANT_CONVERSION = YES;
				CLANG_WARN_DEPRECATED_OBJC_IMPLEMENTATIONS = YES;
				CLANG_WARN_DIRECT_OBJC_ISA_USAGE = YES_ERROR;
				CLANG_WARN_DOCUMENTATION_COMMENTS = YES;
				CLANG_WARN_EMPTY_BODY = YES;
				CLANG_WARN_ENUM_CONVERSION = YES;
				CLANG_WARN_INFINITE_RECURSION = YES;
				CLANG_WARN_INT_CONVERSION = YES;
				CLANG_WARN_NON_LITERAL_NULL_CONVERSION = YES;
				CLANG_WARN_OBJC_IMPLICIT_RETAIN_SELF = YES;
				CLANG_WARN_OBJC_LITERAL_CONVERSION = YES;
				CLANG_WARN_OBJC_ROOT_CLASS = YES_ERROR;
				CLANG_WARN_RANGE_LOOP_ANALYSIS = YES;
				CLANG_WARN_STRICT_PROTOTYPES = YES;
				CLANG_WARN_SUSPICIOUS_MOVE = YES;
				CLANG_WARN_UNGUARDED_AVAILABILITY = YES_AGGRESSIVE;
				CLANG_WARN_UNREACHABLE_CODE = YES;
				CLANG_WARN__DUPLICATE_METHOD_MATCH = YES;
				CODE_SIGN_IDENTITY = "iPhone Developer";
				COPY_PHASE_STRIP = NO;
				DEBUG_INFORMATION_FORMAT = "dwarf-with-dsym";
				ENABLE_NS_ASSERTIONS = NO;
				ENABLE_STRICT_OBJC_MSGSEND = YES;
				GCC_C_LANGUAGE_STANDARD = gnu11;
				GCC_NO_COMMON_BLOCKS = YES;
				GCC_WARN_64_TO_32_BIT_CONVERSION = YES;
				GCC_WARN_ABOUT_RETURN_TYPE = YES_ERROR;
				GCC_WARN_UNDECLARED_SELECTOR = YES;
				GCC_WARN_UNINITIALIZED_AUTOS = YES_AGGRESSIVE;
				GCC_WARN_UNUSED_FUNCTION = YES;
				GCC_WARN_UNUSED_VARIABLE = YES;
				IPHONEOS_DEPLOYMENT_TARGET = 12.1;
				MTL_ENABLE_DEBUG_INFO = NO;
				MTL_FAST_MATH = YES;
				SDKROOT = iphoneos;
				SWIFT_COMPILATION_MODE = wholemodule;
				SWIFT_OPTIMIZATION_LEVEL = "-O";
				VALIDATE_PRODUCT = YES;
			};
			name = Release;
		};
		31485378221CA12D00BD83E6 /* Debug */ = {
			isa = XCBuildConfiguration;
			buildSettings = {
				ASSETCATALOG_COMPILER_APPICON_NAME = AppIcon;
				CODE_SIGN_STYLE = Automatic;
				DEVELOPMENT_TEAM = 4J76NR74T6;
				INFOPLIST_FILE = "Turn-by-Turn Navigation/Info.plist";
				LD_RUNPATH_SEARCH_PATHS = (
					"$(inherited)",
					"@executable_path/Frameworks",
				);
				PRODUCT_BUNDLE_IDENTIFIER = "com.anujd9.com.Turn-by-Turn-Navigation";
				PRODUCT_NAME = "$(TARGET_NAME)";
				SWIFT_VERSION = 4.2;
				TARGETED_DEVICE_FAMILY = "1,2";
			};
			name = Debug;
		};
		31485379221CA12D00BD83E6 /* Release */ = {
			isa = XCBuildConfiguration;
			buildSettings = {
				ASSETCATALOG_COMPILER_APPICON_NAME = AppIcon;
				CODE_SIGN_STYLE = Automatic;
				DEVELOPMENT_TEAM = 4J76NR74T6;
				INFOPLIST_FILE = "Turn-by-Turn Navigation/Info.plist";
				LD_RUNPATH_SEARCH_PATHS = (
					"$(inherited)",
					"@executable_path/Frameworks",
				);
				PRODUCT_BUNDLE_IDENTIFIER = "com.anujd9.com.Turn-by-Turn-Navigation";
				PRODUCT_NAME = "$(TARGET_NAME)";
				SWIFT_VERSION = 4.2;
				TARGETED_DEVICE_FAMILY = "1,2";
			};
			name = Release;
		};
/* End XCBuildConfiguration section */

/* Begin XCConfigurationList section */
		31485360221CA12D00BD83E6 /* Build configuration list for PBXProject "Turn-by-Turn Navigation" */ = {
			isa = XCConfigurationList;
			buildConfigurations = (
				31485375221CA12D00BD83E6 /* Debug */,
				31485376221CA12D00BD83E6 /* Release */,
			);
			defaultConfigurationIsVisible = 0;
			defaultConfigurationName = Release;
		};
		31485377221CA12D00BD83E6 /* Build configuration list for PBXNativeTarget "Turn-by-Turn Navigation" */ = {
			isa = XCConfigurationList;
			buildConfigurations = (
				31485378221CA12D00BD83E6 /* Debug */,
				31485379221CA12D00BD83E6 /* Release */,
			);
			defaultConfigurationIsVisible = 0;
			defaultConfigurationName = Release;
		};
/* End XCConfigurationList section */
	};
	rootObject = 3148535D221CA12D00BD83E6 /* Project object */;
}
